github.com/Xuanwo/gg v0.3.0 h1:jHasK7tJ4o/IjpcxPbabQ4zVO+hln85DvNYhq5GamcA=
github.com/Xuanwo/gg v0.3.0/go.mod h1:0fLiiSxR87u2UA0ZNZiKZXuz3jnJdbDHWtU2xpdcH3s=
github.com/Xuanwo/go-bufferpool v0.2.0 h1:DXzqJD9lJufXbT/03GrcEvYOs4gXYUj9/g5yi6Q9rUw=
github.com/Xuanwo/go-bufferpool v0.2.0/go.mod h1:Mle++9GGouhOwGj52i9PJLNAPmW2nb8PWBP7JJzNCzk=
github.com/deckarep/golang-set v1.8.0 h1:sk9/l/KqpunDwP7pSjUg0keiOOLEnOBHzykLrsPppp4=
github.com/deckarep/golang-set v1.8.0/go.mod h1:5nI87KwE7wgsBU1F4GKAw2Qod7p5kyS383rP6+o6qqo=
